{
  "lockfileVersion": 1,
  "configVersion": 1,
  "workspaces": {
    "": {
      "name": "vault-core-monorepo",
      "devDependencies": {
        "@types/node": "25.4.0",
        "typescript": "5.9.3",
      },
    },
    "packages/cli": {
      "name": "@vault-core/cli",
      "version": "0.0.1",
      "bin": {
        "vault-cli": "./dist/index.js",
      },
      "dependencies": {
        "@vault-core/core": "workspace:*",
        "@vault-core/types": "workspace:*",
      },
    },
    "packages/core": {
      "name": "@vault-core/core",
      "version": "0.0.1",
      "dependencies": {
        "@vault-core/types": "workspace:*",
        "smol-toml": "^1.3.4",
      },
    },
    "packages/hook-claude-code": {
      "name": "@vault-core/hook-claude-code",
      "version": "0.0.1",
      "dependencies": {
        "@vault-core/core": "workspace:*",
        "@vault-core/types": "workspace:*",
      },
    },
    "packages/hook-opencode": {
      "name": "@vault-core/hook-opencode",
      "version": "0.0.1",
      "dependencies": {
        "@vault-core/core": "workspace:*",
        "@vault-core/types": "workspace:*",
      },
    },
    "packages/types": {
      "name": "@vault-core/types",
      "version": "0.0.1",
    },
  },
  "packages": {
    "@types/node": ["@types/node@25.4.0", "", { "dependencies": { "undici-types": "~7.18.0" } }, "sha512-9wLpoeWuBlcbBpOY3XmzSTG3oscB6xjBEEtn+pYXTfhyXhIxC5FsBer2KTopBlvKEiW9l13po9fq+SJY/5lkhw=="],

    "@vault-core/cli": ["@vault-core/cli@workspace:packages/cli"],

    "@vault-core/core": ["@vault-core/core@workspace:packages/core"],

    "@vault-core/hook-claude-code": ["@vault-core/hook-claude-code@workspace:packages/hook-claude-code"],

    "@vault-core/hook-opencode": ["@vault-core/hook-opencode@workspace:packages/hook-opencode"],

    "@vault-core/types": ["@vault-core/types@workspace:packages/types"],

    "smol-toml": ["smol-toml@1.6.0", "", {}, "sha512-4zemZi0HvTnYwLfrpk/CF9LOd9Lt87kAt50GnqhMpyF9U3poDAP2+iukq2bZsO/ufegbYehBkqINbsWxj4l4cw=="],

    "typescript": ["typescript@5.9.3", "", { "bin": { "tsc": "bin/tsc", "tsserver": "bin/tsserver" } }, "sha512-jl1vZzPDinLr9eUt3J/t7V6FgNEw9QjvBPdysz9KfQDD41fQrC2Y4vKQdiaUpFT4bXlb1RHhLpp8wtm6M5TgSw=="],

    "undici-types": ["undici-types@7.18.2", "", {}, "sha512-AsuCzffGHJybSaRrmr5eHr81mwJU3kjw6M+uprWvCXiNeN9SOGwQ3Jn8jb8m3Z6izVgknn1R0FTCEAP2QrLY/w=="],
  }
}
